// !$*UTF8*$!
{
	archiveVersion = 1;
	classes = {
	};
	objectVersion = 56;
	objects = {

/* Begin PBXBuildFile section */
		341B632E2BE7E185006038B1 /* GenreRepository.swift in Sources */ = {isa = PBXBuildFile; fileRef = 341B632D2BE7E185006038B1 /* GenreRepository.swift */; };
		341B63302BE7E18E006038B1 /* MovieRepository.swift in Sources */ = {isa = PBXBuildFile; fileRef = 341B632F2BE7E18E006038B1 /* MovieRepository.swift */; };
		341B63322BE7E45D006038B1 /* AccedoDB in Frameworks */ = {isa = PBXBuildFile; productRef = 341B63312BE7E45D006038B1 /* AccedoDB */; };
		341B63342BE7E53A006038B1 /* GenreViewModel.swift in Sources */ = {isa = PBXBuildFile; fileRef = 341B63332BE7E53A006038B1 /* GenreViewModel.swift */; };
		341B63362BE7E8CD006038B1 /* GenreView.swift in Sources */ = {isa = PBXBuildFile; fileRef = 341B63352BE7E8CD006038B1 /* GenreView.swift */; };
		341B63382BE7F3F3006038B1 /* GenreWireframe.swift in Sources */ = {isa = PBXBuildFile; fileRef = 341B63372BE7F3F3006038B1 /* GenreWireframe.swift */; };
		34E882782BE64363002D727F /* AccedoApp.swift in Sources */ = {isa = PBXBuildFile; fileRef = 34E882772BE64363002D727F /* AccedoApp.swift */; };
		34E8827A2BE64363002D727F /* ContentView.swift in Sources */ = {isa = PBXBuildFile; fileRef = 34E882792BE64363002D727F /* ContentView.swift */; };
		34E8827C2BE64364002D727F /* Assets.xcassets in Resources */ = {isa = PBXBuildFile; fileRef = 34E8827B2BE64364002D727F /* Assets.xcassets */; };
		34E8827F2BE64364002D727F /* Preview Assets.xcassets in Resources */ = {isa = PBXBuildFile; fileRef = 34E8827E2BE64364002D727F /* Preview Assets.xcassets */; };
		34E882892BE64364002D727F /* AccedoTests.swift in Sources */ = {isa = PBXBuildFile; fileRef = 34E882882BE64364002D727F /* AccedoTests.swift */; };
		34E882A72BE64759002D727F /* AccedoLogging in Frameworks */ = {isa = PBXBuildFile; productRef = 34E882A62BE64759002D727F /* AccedoLogging */; };
		34E882A92BE64759002D727F /* AccedoREST in Frameworks */ = {isa = PBXBuildFile; productRef = 34E882A82BE64759002D727F /* AccedoREST */; };
		34E882AB2BE64759002D727F /* AccedoTypes in Frameworks */ = {isa = PBXBuildFile; productRef = 34E882AA2BE64759002D727F /* AccedoTypes */; };
		34E882AD2BE64759002D727F /* AccedoUI in Frameworks */ = {isa = PBXBuildFile; productRef = 34E882AC2BE64759002D727F /* AccedoUI */; };
		34E882AF2BE65080002D727F /* AppDelegate.swift in Sources */ = {isa = PBXBuildFile; fileRef = 34E882AE2BE65080002D727F /* AppDelegate.swift */; };
		34E882B22BE650C6002D727F /* AppDelegateFactory.swift in Sources */ = {isa = PBXBuildFile; fileRef = 34E882B12BE650C6002D727F /* AppDelegateFactory.swift */; };
		34E882B42BE650E0002D727F /* CompositeAppDelegate.swift in Sources */ = {isa = PBXBuildFile; fileRef = 34E882B32BE650E0002D727F /* CompositeAppDelegate.swift */; };
		34E882B72BE662DA002D727F /* UIKitAppDelegate.swift in Sources */ = {isa = PBXBuildFile; fileRef = 34E882B62BE662DA002D727F /* UIKitAppDelegate.swift */; };
		34E882BB2BE662F8002D727F /* SwiftUIAppDelegate.swift in Sources */ = {isa = PBXBuildFile; fileRef = 34E882BA2BE662F8002D727F /* SwiftUIAppDelegate.swift */; };
/* End PBXBuildFile section */

/* Begin PBXContainerItemProxy section */
		34E882852BE64364002D727F /* PBXContainerItemProxy */ = {
			isa = PBXContainerItemProxy;
			containerPortal = 34E8826C2BE64363002D727F /* Project object */;
			proxyType = 1;
			remoteGlobalIDString = 34E882732BE64363002D727F;
			remoteInfo = Accedo;
		};
/* End PBXContainerItemProxy section */

/* Begin PBXFileReference section */
		341B632A2BE7C0DF006038B1 /* AccedoDB */ = {isa = PBXFileReference; lastKnownFileType = wrapper; name = AccedoDB; path = ../AccedoDB; sourceTree = "<group>"; };
		341B632D2BE7E185006038B1 /* GenreRepository.swift */ = {isa = PBXFileReference; lastKnownFileType = sourcecode.swift; path = GenreRepository.swift; sourceTree = "<group>"; };
		341B632F2BE7E18E006038B1 /* MovieRepository.swift */ = {isa = PBXFileReference; lastKnownFileType = sourcecode.swift; path = MovieRepository.swift; sourceTree = "<group>"; };
		341B63332BE7E53A006038B1 /* GenreViewModel.swift */ = {isa = PBXFileReference; lastKnownFileType = sourcecode.swift; path = GenreViewModel.swift; sourceTree = "<group>"; };
		341B63352BE7E8CD006038B1 /* GenreView.swift */ = {isa = PBXFileReference; lastKnownFileType = sourcecode.swift; path = GenreView.swift; sourceTree = "<group>"; };
		341B63372BE7F3F3006038B1 /* GenreWireframe.swift */ = {isa = PBXFileReference; lastKnownFileType = sourcecode.swift; path = GenreWireframe.swift; sourceTree = "<group>"; };
		34E882742BE64363002D727F /* Accedo.app */ = {isa = PBXFileReference; explicitFileType = wrapper.application; includeInIndex = 0; path = Accedo.app; sourceTree = BUILT_PRODUCTS_DIR; };
		34E882772BE64363002D727F /* AccedoApp.swift */ = {isa = PBXFileReference; lastKnownFileType = sourcecode.swift; path = AccedoApp.swift; sourceTree = "<group>"; };
		34E882792BE64363002D727F /* ContentView.swift */ = {isa = PBXFileReference; lastKnownFileType = sourcecode.swift; path = ContentView.swift; sourceTree = "<group>"; };
		34E8827B2BE64364002D727F /* Assets.xcassets */ = {isa = PBXFileReference; lastKnownFileType = folder.assetcatalog; path = Assets.xcassets; sourceTree = "<group>"; };
		34E8827E2BE64364002D727F /* Preview Assets.xcassets */ = {isa = PBXFileReference; lastKnownFileType = folder.assetcatalog; path = "Preview Assets.xcassets"; sourceTree = "<group>"; };
		34E882842BE64364002D727F /* AccedoTests.xctest */ = {isa = PBXFileReference; explicitFileType = wrapper.cfbundle; includeInIndex = 0; path = AccedoTests.xctest; sourceTree = BUILT_PRODUCTS_DIR; };
		34E882882BE64364002D727F /* AccedoTests.swift */ = {isa = PBXFileReference; lastKnownFileType = sourcecode.swift; path = AccedoTests.swift; sourceTree = "<group>"; };
		34E882A12BE645A8002D727F /* AccedoUI */ = {isa = PBXFileReference; lastKnownFileType = wrapper; name = AccedoUI; path = ../AccedoUI; sourceTree = "<group>"; };
		34E882A22BE6462C002D727F /* AccedoREST */ = {isa = PBXFileReference; lastKnownFileType = wrapper; name = AccedoREST; path = ../AccedoREST; sourceTree = "<group>"; };
		34E882A32BE64683002D727F /* AccedoTypes */ = {isa = PBXFileReference; lastKnownFileType = wrapper; name = AccedoTypes; path = ../AccedoTypes; sourceTree = "<group>"; };
		34E882A42BE646C0002D727F /* AccedoLogging */ = {isa = PBXFileReference; lastKnownFileType = wrapper; name = AccedoLogging; path = ../AccedoLogging; sourceTree = "<group>"; };
		34E882AE2BE65080002D727F /* AppDelegate.swift */ = {isa = PBXFileReference; lastKnownFileType = sourcecode.swift; path = AppDelegate.swift; sourceTree = "<group>"; };
		34E882B12BE650C6002D727F /* AppDelegateFactory.swift */ = {isa = PBXFileReference; lastKnownFileType = sourcecode.swift; path = AppDelegateFactory.swift; sourceTree = "<group>"; };
		34E882B32BE650E0002D727F /* CompositeAppDelegate.swift */ = {isa = PBXFileReference; lastKnownFileType = sourcecode.swift; path = CompositeAppDelegate.swift; sourceTree = "<group>"; };
		34E882B62BE662DA002D727F /* UIKitAppDelegate.swift */ = {isa = PBXFileReference; lastKnownFileType = sourcecode.swift; path = UIKitAppDelegate.swift; sourceTree = "<group>"; };
		34E882BA2BE662F8002D727F /* SwiftUIAppDelegate.swift */ = {isa = PBXFileReference; lastKnownFileType = sourcecode.swift; path = SwiftUIAppDelegate.swift; sourceTree = "<group>"; };
/* End PBXFileReference section */

/* Begin PBXFrameworksBuildPhase section */
		34E882712BE64363002D727F /* Frameworks */ = {
			isa = PBXFrameworksBuildPhase;
			buildActionMask = 2147483647;
			files = (
				34E882AB2BE64759002D727F /* AccedoTypes in Frameworks */,
				341B63322BE7E45D006038B1 /* AccedoDB in Frameworks */,
				34E882AD2BE64759002D727F /* AccedoUI in Frameworks */,
				34E882A72BE64759002D727F /* AccedoLogging in Frameworks */,
				34E882A92BE64759002D727F /* AccedoREST in Frameworks */,
			);
			runOnlyForDeploymentPostprocessing = 0;
		};
		34E882812BE64364002D727F /* Frameworks */ = {
			isa = PBXFrameworksBuildPhase;
			buildActionMask = 2147483647;
			files = (
			);
			runOnlyForDeploymentPostprocessing = 0;
		};
/* End PBXFrameworksBuildPhase section */

/* Begin PBXGroup section */
		341B632B2BE7E15F006038B1 /* Genre */ = {
			isa = PBXGroup;
			children = (
				341B632D2BE7E185006038B1 /* GenreRepository.swift */,
				341B63332BE7E53A006038B1 /* GenreViewModel.swift */,
				341B63352BE7E8CD006038B1 /* GenreView.swift */,
				341B63372BE7F3F3006038B1 /* GenreWireframe.swift */,
			);
			path = Genre;
			sourceTree = "<group>";
		};
		341B632C2BE7E170006038B1 /* Movie */ = {
			isa = PBXGroup;
			children = (
				341B632F2BE7E18E006038B1 /* MovieRepository.swift */,
			);
			path = Movie;
			sourceTree = "<group>";
		};
		34E8826B2BE64363002D727F = {
			isa = PBXGroup;
			children = (
				34E882A42BE646C0002D727F /* AccedoLogging */,
				34E882A32BE64683002D727F /* AccedoTypes */,
				34E882A22BE6462C002D727F /* AccedoREST */,
				34E882A12BE645A8002D727F /* AccedoUI */,
				341B632A2BE7C0DF006038B1 /* AccedoDB */,
				34E882762BE64363002D727F /* Accedo */,
				34E882872BE64364002D727F /* AccedoTests */,
				34E882752BE64363002D727F /* Products */,
				34E882A52BE64759002D727F /* Frameworks */,
			);
			sourceTree = "<group>";
		};
		34E882752BE64363002D727F /* Products */ = {
			isa = PBXGroup;
			children = (
				34E882742BE64363002D727F /* Accedo.app */,
				34E882842BE64364002D727F /* AccedoTests.xctest */,
			);
			name = Products;
			sourceTree = "<group>";
		};
		34E882762BE64363002D727F /* Accedo */ = {
			isa = PBXGroup;
			children = (
				34E882B52BE6512C002D727F /* main */,
				341B632B2BE7E15F006038B1 /* Genre */,
				341B632C2BE7E170006038B1 /* Movie */,
				34E882792BE64363002D727F /* ContentView.swift */,
				34E8827B2BE64364002D727F /* Assets.xcassets */,
				34E8827D2BE64364002D727F /* Preview Content */,
			);
			path = Accedo;
			sourceTree = "<group>";
		};
		34E8827D2BE64364002D727F /* Preview Content */ = {
			isa = PBXGroup;
			children = (
				34E8827E2BE64364002D727F /* Preview Assets.xcassets */,
			);
			path = "Preview Content";
			sourceTree = "<group>";
		};
		34E882872BE64364002D727F /* AccedoTests */ = {
			isa = PBXGroup;
			children = (
				34E882882BE64364002D727F /* AccedoTests.swift */,
			);
			path = AccedoTests;
			sourceTree = "<group>";
		};
		34E882A52BE64759002D727F /* Frameworks */ = {
			isa = PBXGroup;
			children = (
			);
			name = Frameworks;
			sourceTree = "<group>";
		};
		34E882B02BE650B1002D727F /* AppDelegateComponents */ = {
			isa = PBXGroup;
			children = (
				34E882B92BE662EB002D727F /* SwiftUI */,
				34E882B82BE662E5002D727F /* UIKit */,
				34E882B12BE650C6002D727F /* AppDelegateFactory.swift */,
				34E882B32BE650E0002D727F /* CompositeAppDelegate.swift */,
			);
			path = AppDelegateComponents;
			sourceTree = "<group>";
		};
		34E882B52BE6512C002D727F /* main */ = {
			isa = PBXGroup;
			children = (
				34E882772BE64363002D727F /* AccedoApp.swift */,
				34E882AE2BE65080002D727F /* AppDelegate.swift */,
				34E882B02BE650B1002D727F /* AppDelegateComponents */,
			);
			path = main;
			sourceTree = "<group>";
		};
		34E882B82BE662E5002D727F /* UIKit */ = {
			isa = PBXGroup;
			children = (
				34E882B62BE662DA002D727F /* UIKitAppDelegate.swift */,
			);
			path = UIKit;
			sourceTree = "<group>";
		};
		34E882B92BE662EB002D727F /* SwiftUI */ = {
			isa = PBXGroup;
			children = (
				34E882BA2BE662F8002D727F /* SwiftUIAppDelegate.swift */,
			);
			path = SwiftUI;
			sourceTree = "<group>";
		};
/* End PBXGroup section */

/* Begin PBXNativeTarget section */
		34E882732BE64363002D727F /* Accedo */ = {
			isa = PBXNativeTarget;
			buildConfigurationList = 34E882982BE64364002D727F /* Build configuration list for PBXNativeTarget "Accedo" */;
			buildPhases = (
				34E882702BE64363002D727F /* Sources */,
				34E882712BE64363002D727F /* Frameworks */,
				34E882722BE64363002D727F /* Resources */,
			);
			buildRules = (
			);
			dependencies = (
			);
			name = Accedo;
			packageProductDependencies = (
				34E882A62BE64759002D727F /* AccedoLogging */,
				34E882A82BE64759002D727F /* AccedoREST */,
				34E882AA2BE64759002D727F /* AccedoTypes */,
				34E882AC2BE64759002D727F /* AccedoUI */,
				341B63312BE7E45D006038B1 /* AccedoDB */,
			);
			productName = Accedo;
			productReference = 34E882742BE64363002D727F /* Accedo.app */;
			productType = "com.apple.product-type.application";
		};
		34E882832BE64364002D727F /* AccedoTests */ = {
			isa = PBXNativeTarget;
			buildConfigurationList = 34E8829B2BE64364002D727F /* Build configuration list for PBXNativeTarget "AccedoTests" */;
			buildPhases = (
				34E882802BE64364002D727F /* Sources */,
				34E882812BE64364002D727F /* Frameworks */,
				34E882822BE64364002D727F /* Resources */,
			);
			buildRules = (
			);
			dependencies = (
				34E882862BE64364002D727F /* PBXTargetDependency */,
			);
			name = AccedoTests;
			productName = AccedoTests;
			productReference = 34E882842BE64364002D727F /* AccedoTests.xctest */;
			productType = "com.apple.product-type.bundle.unit-test";
		};
/* End PBXNativeTarget section */

/* Begin PBXProject section */
		34E8826C2BE64363002D727F /* Project object */ = {
			isa = PBXProject;
			attributes = {
				BuildIndependentTargetsInParallel = 1;
				LastSwiftUpdateCheck = 1530;
				LastUpgradeCheck = 1530;
				TargetAttributes = {
					34E882732BE64363002D727F = {
						CreatedOnToolsVersion = 15.3;
					};
					34E882832BE64364002D727F = {
						CreatedOnToolsVersion = 15.3;
						TestTargetID = 34E882732BE64363002D727F;
					};
				};
			};
			buildConfigurationList = 34E8826F2BE64363002D727F /* Build configuration list for PBXProject "Accedo" */;
			compatibilityVersion = "Xcode 14.0";
			developmentRegion = en;
			hasScannedForEncodings = 0;
			knownRegions = (
				en,
				Base,
			);
			mainGroup = 34E8826B2BE64363002D727F;
			productRefGroup = 34E882752BE64363002D727F /* Products */;
			projectDirPath = "";
			projectRoot = "";
			targets = (
				34E882732BE64363002D727F /* Accedo */,
				34E882832BE64364002D727F /* AccedoTests */,
			);
		};
/* End PBXProject section */

/* Begin PBXResourcesBuildPhase section */
		34E882722BE64363002D727F /* Resources */ = {
			isa = PBXResourcesBuildPhase;
			buildActionMask = 2147483647;
			files = (
				34E8827F2BE64364002D727F /* Preview Assets.xcassets in Resources */,
				34E8827C2BE64364002D727F /* Assets.xcassets in Resources */,
			);
			runOnlyForDeploymentPostprocessing = 0;
		};
		34E882822BE64364002D727F /* Resources */ = {
			isa = PBXResourcesBuildPhase;
			buildActionMask = 2147483647;
			files = (
			);
			runOnlyForDeploymentPostprocessing = 0;
		};
/* End PBXResourcesBuildPhase section */

/* Begin PBXSourcesBuildPhase section */
		34E882702BE64363002D727F /* Sources */ = {
			isa = PBXSourcesBuildPhase;
			buildActionMask = 2147483647;
			files = (
				34E8827A2BE64363002D727F /* ContentView.swift in Sources */,
				341B632E2BE7E185006038B1 /* GenreRepository.swift in Sources */,
				341B63382BE7F3F3006038B1 /* GenreWireframe.swift in Sources */,
				341B63342BE7E53A006038B1 /* GenreViewModel.swift in Sources */,
				341B63302BE7E18E006038B1 /* MovieRepository.swift in Sources */,
				34E882B22BE650C6002D727F /* AppDelegateFactory.swift in Sources */,
				34E882AF2BE65080002D727F /* AppDelegate.swift in Sources */,
				34E882B42BE650E0002D727F /* CompositeAppDelegate.swift in Sources */,
				34E882BB2BE662F8002D727F /* SwiftUIAppDelegate.swift in Sources */,
				34E882B72BE662DA002D727F /* UIKitAppDelegate.swift in Sources */,
				34E882782BE64363002D727F /* AccedoApp.swift in Sources */,
				341B63362BE7E8CD006038B1 /* GenreView.swift in Sources */,
			);
			runOnlyForDeploymentPostprocessing = 0;
		};
		34E882802BE64364002D727F /* Sources */ = {
			isa = PBXSourcesBuildPhase;
			buildActionMask = 2147483647;
			files = (
				34E882892BE64364002D727F /* AccedoTests.swift in Sources */,
			);
			runOnlyForDeploymentPostprocessing = 0;
		};
/* End PBXSourcesBuildPhase section */

/* Begin PBXTargetDependency section */
		34E882862BE64364002D727F /* PBXTargetDependency */ = {
			isa = PBXTargetDependency;
			target = 34E882732BE64363002D727F /* Accedo */;
			targetProxy = 34E882852BE64364002D727F /* PBXContainerItemProxy */;
		};
/* End PBXTargetDependency section */

/* Begin XCBuildConfiguration section */
		34E882962BE64364002D727F /* Debug */ = {
			isa = XCBuildConfiguration;
			buildSettings = {
				ALWAYS_SEARCH_USER_PATHS = NO;
				ASSETCATALOG_COMPILER_GENERATE_SWIFT_ASSET_SYMBOL_EXTENSIONS = YES;
				CLANG_ANALYZER_NONNULL = YES;
				CLANG_ANALYZER_NUMBER_OBJECT_CONVERSION = YES_AGGRESSIVE;
				CLANG_CXX_LANGUAGE_STANDARD = "gnu++20";
				CLANG_ENABLE_MODULES = YES;
				CLANG_ENABLE_OBJC_ARC = YES;
				CLANG_ENABLE_OBJC_WEAK = YES;
				CLANG_WARN_BLOCK_CAPTURE_AUTORELEASING = YES;
				CLANG_WARN_BOOL_CONVERSION = YES;
				CLANG_WARN_COMMA = YES;
				CLANG_WARN_CONSTANT_CONVERSION = YES;
				CLANG_WARN_DEPRECATED_OBJC_IMPLEMENTATIONS = YES;
				CLANG_WARN_DIRECT_OBJC_ISA_USAGE = YES_ERROR;
				CLANG_WARN_DOCUMENTATION_COMMENTS = YES;
				CLANG_WARN_EMPTY_BODY = YES;
				CLANG_WARN_ENUM_CONVERSION = YES;
				CLANG_WARN_INFINITE_RECURSION = YES;
				CLANG_WARN_INT_CONVERSION = YES;
				CLANG_WARN_NON_LITERAL_NULL_CONVERSION = YES;
				CLANG_WARN_OBJC_IMPLICIT_RETAIN_SELF = YES;
				CLANG_WARN_OBJC_LITERAL_CONVERSION = YES;
				CLANG_WARN_OBJC_ROOT_CLASS = YES_ERROR;
				CLANG_WARN_QUOTED_INCLUDE_IN_FRAMEWORK_HEADER = YES;
				CLANG_WARN_RANGE_LOOP_ANALYSIS = YES;
				CLANG_WARN_STRICT_PROTOTYPES = YES;
				CLANG_WARN_SUSPICIOUS_MOVE = YES;
				CLANG_WARN_UNGUARDED_AVAILABILITY = YES_AGGRESSIVE;
				CLANG_WARN_UNREACHABLE_CODE = YES;
				CLANG_WARN__DUPLICATE_METHOD_MATCH = YES;
				COPY_PHASE_STRIP = NO;
				DEBUG_INFORMATION_FORMAT = dwarf;
				ENABLE_STRICT_OBJC_MSGSEND = YES;
				ENABLE_TESTABILITY = YES;
				ENABLE_USER_SCRIPT_SANDBOXING = YES;
				GCC_C_LANGUAGE_STANDARD = gnu17;
				GCC_DYNAMIC_NO_PIC = NO;
				GCC_NO_COMMON_BLOCKS = YES;
				GCC_OPTIMIZATION_LEVEL = 0;
				GCC_PREPROCESSOR_DEFINITIONS = (
					"DEBUG=1",
					"$(inherited)",
				);
				GCC_WARN_64_TO_32_BIT_CONVERSION = YES;
				GCC_WARN_ABOUT_RETURN_TYPE = YES_ERROR;
				GCC_WARN_UNDECLARED_SELECTOR = YES;
				GCC_WARN_UNINITIALIZED_AUTOS = YES_AGGRESSIVE;
				GCC_WARN_UNUSED_FUNCTION = YES;
				GCC_WARN_UNUSED_VARIABLE = YES;
				IPHONEOS_DEPLOYMENT_TARGET = 17.4;
				LOCALIZATION_PREFERS_STRING_CATALOGS = YES;
				MTL_ENABLE_DEBUG_INFO = INCLUDE_SOURCE;
				MTL_FAST_MATH = YES;
				ONLY_ACTIVE_ARCH = YES;
				SDKROOT = iphoneos;
				SWIFT_ACTIVE_COMPILATION_CONDITIONS = "DEBUG $(inherited)";
				SWIFT_OPTIMIZATION_LEVEL = "-Onone";
			};
			name = Debug;
		};
		34E882972BE64364002D727F /* Release */ = {
			isa = XCBuildConfiguration;
			buildSettings = {
				ALWAYS_SEARCH_USER_PATHS = NO;
				ASSETCATALOG_COMPILER_GENERATE_SWIFT_ASSET_SYMBOL_EXTENSIONS = YES;
				CLANG_ANALYZER_NONNULL = YES;
				CLANG_ANALYZER_NUMBER_OBJECT_CONVERSION = YES_AGGRESSIVE;
				CLANG_CXX_LANGUAGE_STANDARD = "gnu++20";
				CLANG_ENABLE_MODULES = YES;
				CLANG_ENABLE_OBJC_ARC = YES;
				CLANG_ENABLE_OBJC_WEAK = YES;
				CLANG_WARN_BLOCK_CAPTURE_AUTORELEASING = YES;
				CLANG_WARN_BOOL_CONVERSION = YES;
				CLANG_WARN_COMMA = YES;
				CLANG_WARN_CONSTANT_CONVERSION = YES;
				CLANG_WARN_DEPRECATED_OBJC_IMPLEMENTATIONS = YES;
				CLANG_WARN_DIRECT_OBJC_ISA_USAGE = YES_ERROR;
				CLANG_WARN_DOCUMENTATION_COMMENTS = YES;
				CLANG_WARN_EMPTY_BODY = YES;
				CLANG_WARN_ENUM_CONVERSION = YES;
				CLANG_WARN_INFINITE_RECURSION = YES;
				CLANG_WARN_INT_CONVERSION = YES;
				CLANG_WARN_NON_LITERAL_NULL_CONVERSION = YES;
				CLANG_WARN_OBJC_IMPLICIT_RETAIN_SELF = YES;
				CLANG_WARN_OBJC_LITERAL_CONVERSION = YES;
				CLANG_WARN_OBJC_ROOT_CLASS = YES_ERROR;
				CLANG_WARN_QUOTED_INCLUDE_IN_FRAMEWORK_HEADER = YES;
				CLANG_WARN_RANGE_LOOP_ANALYSIS = YES;
				CLANG_WARN_STRICT_PROTOTYPES = YES;
				CLANG_WARN_SUSPICIOUS_MOVE = YES;
				CLANG_WARN_UNGUARDED_AVAILABILITY = YES_AGGRESSIVE;
				CLANG_WARN_UNREACHABLE_CODE = YES;
				CLANG_WARN__DUPLICATE_METHOD_MATCH = YES;
				COPY_PHASE_STRIP = NO;
				DEBUG_INFORMATION_FORMAT = "dwarf-with-dsym";
				ENABLE_NS_ASSERTIONS = NO;
				ENABLE_STRICT_OBJC_MSGSEND = YES;
				ENABLE_USER_SCRIPT_SANDBOXING = YES;
				GCC_C_LANGUAGE_STANDARD = gnu17;
				GCC_NO_COMMON_BLOCKS = YES;
				GCC_WARN_64_TO_32_BIT_CONVERSION = YES;
				GCC_WARN_ABOUT_RETURN_TYPE = YES_ERROR;
				GCC_WARN_UNDECLARED_SELECTOR = YES;
				GCC_WARN_UNINITIALIZED_AUTOS = YES_AGGRESSIVE;
				GCC_WARN_UNUSED_FUNCTION = YES;
				GCC_WARN_UNUSED_VARIABLE = YES;
				IPHONEOS_DEPLOYMENT_TARGET = 17.4;
				LOCALIZATION_PREFERS_STRING_CATALOGS = YES;
				MTL_ENABLE_DEBUG_INFO = NO;
				MTL_FAST_MATH = YES;
				SDKROOT = iphoneos;
				SWIFT_COMPILATION_MODE = wholemodule;
				VALIDATE_PRODUCT = YES;
			};
			name = Release;
		};
		34E882992BE64364002D727F /* Debug */ = {
			isa = XCBuildConfiguration;
			buildSettings = {
				ASSETCATALOG_COMPILER_APPICON_NAME = AppIcon;
				ASSETCATALOG_COMPILER_GLOBAL_ACCENT_COLOR_NAME = AccentColor;
				CODE_SIGN_STYLE = Automatic;
				CURRENT_PROJECT_VERSION = 1;
				DEVELOPMENT_ASSET_PATHS = "\"Accedo/Preview Content\"";
				ENABLE_PREVIEWS = YES;
				GENERATE_INFOPLIST_FILE = YES;
				INFOPLIST_KEY_UIApplicationSceneManifest_Generation = YES;
				INFOPLIST_KEY_UIApplicationSupportsIndirectInputEvents = YES;
				INFOPLIST_KEY_UILaunchScreen_Generation = YES;
				INFOPLIST_KEY_UISupportedInterfaceOrientations_iPad = "UIInterfaceOrientationPortrait UIInterfaceOrientationPortraitUpsideDown UIInterfaceOrientationLandscapeLeft UIInterfaceOrientationLandscapeRight";
				INFOPLIST_KEY_UISupportedInterfaceOrientations_iPhone = "UIInterfaceOrientationPortrait UIInterfaceOrientationLandscapeLeft UIInterfaceOrientationLandscapeRight";
				LD_RUNPATH_SEARCH_PATHS = (
					"$(inherited)",
					"@executable_path/Frameworks",
				);
				MARKETING_VERSION = 1.0;
				PRODUCT_BUNDLE_IDENTIFIER = com.sajacl.Accedo;
				PRODUCT_NAME = "$(TARGET_NAME)";
				SUPPORTED_PLATFORMS = "iphoneos iphonesimulator";
				SUPPORTS_MACCATALYST = NO;
				SUPPORTS_XR_DESIGNED_FOR_IPHONE_IPAD = NO;
				SWIFT_EMIT_LOC_STRINGS = YES;
				SWIFT_VERSION = 5.0;
				TARGETED_DEVICE_FAMILY = "1,2";
			};
			name = Debug;
		};
		34E8829A2BE64364002D727F /* Release */ = {
			isa = XCBuildConfiguration;
			buildSettings = {
				ASSETCATALOG_COMPILER_APPICON_NAME = AppIcon;
				ASSETCATALOG_COMPILER_GLOBAL_ACCENT_COLOR_NAME = AccentColor;
				CODE_SIGN_STYLE = Automatic;
				CURRENT_PROJECT_VERSION = 1;
				DEVELOPMENT_ASSET_PATHS = "\"Accedo/Preview Content\"";
				ENABLE_PREVIEWS = YES;
				GENERATE_INFOPLIST_FILE = YES;
				INFOPLIST_KEY_UIApplicationSceneManifest_Generation = YES;
				INFOPLIST_KEY_UIApplicationSupportsIndirectInputEvents = YES;
				INFOPLIST_KEY_UILaunchScreen_Generation = YES;
				INFOPLIST_KEY_UISupportedInterfaceOrientations_iPad = "UIInterfaceOrientationPortrait UIInterfaceOrientationPortraitUpsideDown UIInterfaceOrientationLandscapeLeft UIInterfaceOrientationLandscapeRight";
				INFOPLIST_KEY_UISupportedInterfaceOrientations_iPhone = "UIInterfaceOrientationPortrait UIInterfaceOrientationLandscapeLeft UIInterfaceOrientationLandscapeRight";
				LD_RUNPATH_SEARCH_PATHS = (
					"$(inherited)",
					"@executable_path/Frameworks",
				);
				MARKETING_VERSION = 1.0;
				PRODUCT_BUNDLE_IDENTIFIER = com.sajacl.Accedo;
				PRODUCT_NAME = "$(TARGET_NAME)";
				SUPPORTED_PLATFORMS = "iphoneos iphonesimulator";
				SUPPORTS_MACCATALYST = NO;
				SUPPORTS_XR_DESIGNED_FOR_IPHONE_IPAD = NO;
				SWIFT_EMIT_LOC_STRINGS = YES;
				SWIFT_VERSION = 5.0;
				TARGETED_DEVICE_FAMILY = "1,2";
			};
			name = Release;
		};
		34E8829C2BE64364002D727F /* Debug */ = {
			isa = XCBuildConfiguration;
			buildSettings = {
				ALWAYS_EMBED_SWIFT_STANDARD_LIBRARIES = YES;
				BUNDLE_LOADER = "$(TEST_HOST)";
				CODE_SIGN_STYLE = Automatic;
				CURRENT_PROJECT_VERSION = 1;
				GENERATE_INFOPLIST_FILE = YES;
				IPHONEOS_DEPLOYMENT_TARGET = 17.4;
				MARKETING_VERSION = 1.0;
				PRODUCT_BUNDLE_IDENTIFIER = com.sajacl.AccedoTests;
				PRODUCT_NAME = "$(TARGET_NAME)";
				SWIFT_EMIT_LOC_STRINGS = NO;
				SWIFT_VERSION = 5.0;
				TARGETED_DEVICE_FAMILY = "1,2";
				TEST_HOST = "$(BUILT_PRODUCTS_DIR)/Accedo.app/$(BUNDLE_EXECUTABLE_FOLDER_PATH)/Accedo";
			};
			name = Debug;
		};
		34E8829D2BE64364002D727F /* Release */ = {
			isa = XCBuildConfiguration;
			buildSettings = {
				ALWAYS_EMBED_SWIFT_STANDARD_LIBRARIES = YES;
				BUNDLE_LOADER = "$(TEST_HOST)";
				CODE_SIGN_STYLE = Automatic;
				CURRENT_PROJECT_VERSION = 1;
				GENERATE_INFOPLIST_FILE = YES;
				IPHONEOS_DEPLOYMENT_TARGET = 17.4;
				MARKETING_VERSION = 1.0;
				PRODUCT_BUNDLE_IDENTIFIER = com.sajacl.AccedoTests;
				PRODUCT_NAME = "$(TARGET_NAME)";
				SWIFT_EMIT_LOC_STRINGS = NO;
				SWIFT_VERSION = 5.0;
				TARGETED_DEVICE_FAMILY = "1,2";
				TEST_HOST = "$(BUILT_PRODUCTS_DIR)/Accedo.app/$(BUNDLE_EXECUTABLE_FOLDER_PATH)/Accedo";
			};
			name = Release;
		};
/* End XCBuildConfiguration section */

/* Begin XCConfigurationList section */
		34E8826F2BE64363002D727F /* Build configuration list for PBXProject "Accedo" */ = {
			isa = XCConfigurationList;
			buildConfigurations = (
				34E882962BE64364002D727F /* Debug */,
				34E882972BE64364002D727F /* Release */,
			);
			defaultConfigurationIsVisible = 0;
			defaultConfigurationName = Release;
		};
		34E882982BE64364002D727F /* Build configuration list for PBXNativeTarget "Accedo" */ = {
			isa = XCConfigurationList;
			buildConfigurations = (
				34E882992BE64364002D727F /* Debug */,
				34E8829A2BE64364002D727F /* Release */,
			);
			defaultConfigurationIsVisible = 0;
			defaultConfigurationName = Release;
		};
		34E8829B2BE64364002D727F /* Build configuration list for PBXNativeTarget "AccedoTests" */ = {
			isa = XCConfigurationList;
			buildConfigurations = (
				34E8829C2BE64364002D727F /* Debug */,
				34E8829D2BE64364002D727F /* Release */,
			);
			defaultConfigurationIsVisible = 0;
			defaultConfigurationName = Release;
		};
/* End XCConfigurationList section */

/* Begin XCSwiftPackageProductDependency section */
		341B63312BE7E45D006038B1 /* AccedoDB */ = {
			isa = XCSwiftPackageProductDependency;
			productName = AccedoDB;
		};
		34E882A62BE64759002D727F /* AccedoLogging */ = {
			isa = XCSwiftPackageProductDependency;
			productName = AccedoLogging;
		};
		34E882A82BE64759002D727F /* AccedoREST */ = {
			isa = XCSwiftPackageProductDependency;
			productName = AccedoREST;
		};
		34E882AA2BE64759002D727F /* AccedoTypes */ = {
			isa = XCSwiftPackageProductDependency;
			productName = AccedoTypes;
		};
		34E882AC2BE64759002D727F /* AccedoUI */ = {
			isa = XCSwiftPackageProductDependency;
			productName = AccedoUI;
		};
/* End XCSwiftPackageProductDependency section */
	};
	rootObject = 34E8826C2BE64363002D727F /* Project object */;
}
